
Microsoft Visual Studio Solution File, Format Version 12.00
# Visual Studio 14
VisualStudioVersion = 14.0.25123.0
MinimumVisualStudioVersion = 10.0.40219.1
Project("{FAE04EC0-301F-11D3-BF4B-00C04F79EFBC}") = "MyDealTask.WebApi", "MyDealTask.WebApi\MyDealTask.WebApi.csproj", "{20589971-660F-4AB3-A211-43574B4FCF00}"
EndProject
Project("{00D1A9C2-B5F0-4AF3-8072-F6C62B433612}") = "MyDealTask.Database", "MyDealTask.Database\MyDealTask.Database.sqlproj", "{3794734C-0F12-4DBA-BFBD-78A5130C67D2}"
EndProject
Project("{2150E333-8FDC-42A3-9474-1A3956D46DE8}") = "01-Web", "01-Web", "{D13FED38-B833-4364-BD83-BE48055C62A4}"
EndProject
Project("{2150E333-8FDC-42A3-9474-1A3956D46DE8}") = "05-Data", "05-Data", "{E5B45428-A16B-47B2-AE43-CC53B64637CD}"
EndProject
Project("{FAE04EC0-301F-11D3-BF4B-00C04F79EFBC}") = "MyDealTask.Business", "MyDealTask.Business\MyDealTask.Business.csproj", "{F305DAA3-4194-41D5-88DC-7FC79AAAC422}"
EndProject
Project("{2150E333-8FDC-42A3-9474-1A3956D46DE8}") = "02-Business", "02-Business", "{17086443-50F5-4724-B52D-040CCE9E93EF}"
EndProject
Project("{FAE04EC0-301F-11D3-BF4B-00C04F79EFBC}") = "MyDealTask.Contracts", "MyDealTask.Contracts\MyDealTask.Contracts.csproj", "{C3DCE482-5641-4009-B2BD-DCD2A5D523BD}"
EndProject
Project("{2150E333-8FDC-42A3-9474-1A3956D46DE8}") = "Common", "Common", "{20B7845B-B0C9-455B-8DC1-B895AEBCE117}"
EndProject
Project("{FAE04EC0-301F-11D3-BF4B-00C04F79EFBC}") = "MyDealTask.DataModel", "MyDealTask.DataModel\MyDealTask.DataModel.csproj", "{1E6EDCA6-24DB-4B15-A1B2-AD3CC4D973F2}"
EndProject
Project("{FAE04EC0-301F-11D3-BF4B-00C04F79EFBC}") = "MyDealTask.Model", "MyDealTask.Model\MyDealTask.Model.csproj", "{17750E02-0BC0-4BCC-9607-AF9C36F29674}"
EndProject
Project("{FAE04EC0-301F-11D3-BF4B-00C04F79EFBC}") = "MyDealTask.Test", "MyDealTask.Test\MyDealTask.Test.csproj", "{8DC681B5-D65A-4AD4-B4BD-E66C86727DA9}"
EndProject
Project("{FAE04EC0-301F-11D3-BF4B-00C04F79EFBC}") = "MyDealTask.DependencyResolver", "MyDealTask.DependencyResolver\MyDealTask.DependencyResolver.csproj", "{DA372996-686C-47E1-AA3A-8BB45C87731F}"
EndProject
Project("{FAE04EC0-301F-11D3-BF4B-00C04F79EFBC}") = "MyDealTask.DataAccess", "MyDealTask.DataAccess\MyDealTask.DataAccess.csproj", "{98053D65-E5D7-4EBE-9BA2-DF148C2B10B0}"
EndProject
Project("{FAE04EC0-301F-11D3-BF4B-00C04F79EFBC}") = "MyDealTask.Helpers", "MyDealTask.Helpers\MyDealTask.Helpers.csproj", "{A967927C-9A78-4711-B111-AF6011738578}"
EndProject
Project("{FAE04EC0-301F-11D3-BF4B-00C04F79EFBC}") = "MyDealTask.Web", "MyDealTask.Web\MyDealTask.Web.csproj", "{84A43624-E451-4C93-BF91-F95F86917990}"
EndProject
Global
	GlobalSection(SolutionConfigurationPlatforms) = preSolution
		Debug|Any CPU = Debug|Any CPU
		Release|Any CPU = Release|Any CPU
	EndGlobalSection
	GlobalSection(ProjectConfigurationPlatforms) = postSolution
		{20589971-660F-4AB3-A211-43574B4FCF00}.Debug|Any CPU.ActiveCfg = Debug|Any CPU
		{20589971-660F-4AB3-A211-43574B4FCF00}.Debug|Any CPU.Build.0 = Debug|Any CPU
		{20589971-660F-4AB3-A211-43574B4FCF00}.Release|Any CPU.ActiveCfg = Release|Any CPU
		{20589971-660F-4AB3-A211-43574B4FCF00}.Release|Any CPU.Build.0 = Release|Any CPU
		{3794734C-0F12-4DBA-BFBD-78A5130C67D2}.Debug|Any CPU.ActiveCfg = Debug|Any CPU
		{3794734C-0F12-4DBA-BFBD-78A5130C67D2}.Debug|Any CPU.Build.0 = Debug|Any CPU
		{3794734C-0F12-4DBA-BFBD-78A5130C67D2}.Debug|Any CPU.Deploy.0 = Debug|Any CPU
		{3794734C-0F12-4DBA-BFBD-78A5130C67D2}.Release|Any CPU.ActiveCfg = Release|Any CPU
		{3794734C-0F12-4DBA-BFBD-78A5130C67D2}.Release|Any CPU.Build.0 = Release|Any CPU
		{3794734C-0F12-4DBA-BFBD-78A5130C67D2}.Release|Any CPU.Deploy.0 = Release|Any CPU
		{F305DAA3-4194-41D5-88DC-7FC79AAAC422}.Debug|Any CPU.ActiveCfg = Debug|Any CPU
		{F305DAA3-4194-41D5-88DC-7FC79AAAC422}.Debug|Any CPU.Build.0 = Debug|Any CPU
		{F305DAA3-4194-41D5-88DC-7FC79AAAC422}.Release|Any CPU.ActiveCfg = Release|Any CPU
		{F305DAA3-4194-41D5-88DC-7FC79AAAC422}.Release|Any CPU.Build.0 = Release|Any CPU
		{C3DCE482-5641-4009-B2BD-DCD2A5D523BD}.Debug|Any CPU.ActiveCfg = Debug|Any CPU
		{C3DCE482-5641-4009-B2BD-DCD2A5D523BD}.Debug|Any CPU.Build.0 = Debug|Any CPU
		{C3DCE482-5641-4009-B2BD-DCD2A5D523BD}.Release|Any CPU.ActiveCfg = Release|Any CPU
		{C3DCE482-5641-4009-B2BD-DCD2A5D523BD}.Release|Any CPU.Build.0 = Release|Any CPU
		{1E6EDCA6-24DB-4B15-A1B2-AD3CC4D973F2}.Debug|Any CPU.ActiveCfg = Debug|Any CPU
		{1E6EDCA6-24DB-4B15-A1B2-AD3CC4D973F2}.Debug|Any CPU.Build.0 = Debug|Any CPU
		{1E6EDCA6-24DB-4B15-A1B2-AD3CC4D973F2}.Release|Any CPU.ActiveCfg = Release|Any CPU
		{1E6EDCA6-24DB-4B15-A1B2-AD3CC4D973F2}.Release|Any CPU.Build.0 = Release|Any CPU
		{17750E02-0BC0-4BCC-9607-AF9C36F29674}.Debug|Any CPU.ActiveCfg = Debug|Any CPU
		{17750E02-0BC0-4BCC-9607-AF9C36F29674}.Debug|Any CPU.Build.0 = Debug|Any CPU
		{17750E02-0BC0-4BCC-9607-AF9C36F29674}.Release|Any CPU.ActiveCfg = Release|Any CPU
		{17750E02-0BC0-4BCC-9607-AF9C36F29674}.Release|Any CPU.Build.0 = Release|Any CPU
		{8DC681B5-D65A-4AD4-B4BD-E66C86727DA9}.Debug|Any CPU.ActiveCfg = Debug|Any CPU
		{8DC681B5-D65A-4AD4-B4BD-E66C86727DA9}.Debug|Any CPU.Build.0 = Debug|Any CPU
		{8DC681B5-D65A-4AD4-B4BD-E66C86727DA9}.Release|Any CPU.ActiveCfg = Release|Any CPU
		{8DC681B5-D65A-4AD4-B4BD-E66C86727DA9}.Release|Any CPU.Build.0 = Release|Any CPU
		{DA372996-686C-47E1-AA3A-8BB45C87731F}.Debug|Any CPU.ActiveCfg = Debug|Any CPU
		{DA372996-686C-47E1-AA3A-8BB45C87731F}.Debug|Any CPU.Build.0 = Debug|Any CPU
		{DA372996-686C-47E1-AA3A-8BB45C87731F}.Release|Any CPU.ActiveCfg = Release|Any CPU
		{DA372996-686C-47E1-AA3A-8BB45C87731F}.Release|Any CPU.Build.0 = Release|Any CPU
		{98053D65-E5D7-4EBE-9BA2-DF148C2B10B0}.Debug|Any CPU.ActiveCfg = Debug|Any CPU
		{98053D65-E5D7-4EBE-9BA2-DF148C2B10B0}.Debug|Any CPU.Build.0 = Debug|Any CPU
		{98053D65-E5D7-4EBE-9BA2-DF148C2B10B0}.Release|Any CPU.ActiveCfg = Release|Any CPU
		{98053D65-E5D7-4EBE-9BA2-DF148C2B10B0}.Release|Any CPU.Build.0 = Release|Any CPU
		{A967927C-9A78-4711-B111-AF6011738578}.Debug|Any CPU.ActiveCfg = Debug|Any CPU
		{A967927C-9A78-4711-B111-AF6011738578}.Debug|Any CPU.Build.0 = Debug|Any CPU
		{A967927C-9A78-4711-B111-AF6011738578}.Release|Any CPU.ActiveCfg = Release|Any CPU
		{A967927C-9A78-4711-B111-AF6011738578}.Release|Any CPU.Build.0 = Release|Any CPU
		{84A43624-E451-4C93-BF91-F95F86917990}.Debug|Any CPU.ActiveCfg = Debug|Any CPU
		{84A43624-E451-4C93-BF91-F95F86917990}.Debug|Any CPU.Build.0 = Debug|Any CPU
		{84A43624-E451-4C93-BF91-F95F86917990}.Release|Any CPU.ActiveCfg = Release|Any CPU
		{84A43624-E451-4C93-BF91-F95F86917990}.Release|Any CPU.Build.0 = Release|Any CPU
	EndGlobalSection
	GlobalSection(SolutionProperties) = preSolution
		HideSolutionNode = FALSE
	EndGlobalSection
	GlobalSection(NestedProjects) = preSolution
		{20589971-660F-4AB3-A211-43574B4FCF00} = {D13FED38-B833-4364-BD83-BE48055C62A4}
		{3794734C-0F12-4DBA-BFBD-78A5130C67D2} = {E5B45428-A16B-47B2-AE43-CC53B64637CD}
		{F305DAA3-4194-41D5-88DC-7FC79AAAC422} = {17086443-50F5-4724-B52D-040CCE9E93EF}
		{C3DCE482-5641-4009-B2BD-DCD2A5D523BD} = {20B7845B-B0C9-455B-8DC1-B895AEBCE117}
		{1E6EDCA6-24DB-4B15-A1B2-AD3CC4D973F2} = {E5B45428-A16B-47B2-AE43-CC53B64637CD}
		{17750E02-0BC0-4BCC-9607-AF9C36F29674} = {20B7845B-B0C9-455B-8DC1-B895AEBCE117}
		{8DC681B5-D65A-4AD4-B4BD-E66C86727DA9} = {20B7845B-B0C9-455B-8DC1-B895AEBCE117}
		{DA372996-686C-47E1-AA3A-8BB45C87731F} = {20B7845B-B0C9-455B-8DC1-B895AEBCE117}
		{98053D65-E5D7-4EBE-9BA2-DF148C2B10B0} = {E5B45428-A16B-47B2-AE43-CC53B64637CD}
		{A967927C-9A78-4711-B111-AF6011738578} = {20B7845B-B0C9-455B-8DC1-B895AEBCE117}
		{84A43624-E451-4C93-BF91-F95F86917990} = {D13FED38-B833-4364-BD83-BE48055C62A4}
	EndGlobalSection
EndGlobal
