{
  "requires": true,
  "lockfileVersion": 1,
  "dependencies": {
    "angular": {
      "version": "1.6.8",
      "resolved": "https://registry.npmjs.org/angular/-/angular-1.6.8.tgz",
      "integrity": "sha512-9WErZIOw1Cu1V5Yxdvxz/6YpND8ntdP71fdPpufPFJvZodZXqCjQBYrHqEoMZreO5i84O3D/Jw/vepoFt68Azw=="
    },
    "angular-agility": {
      "version": "0.8.40",
      "resolved": "https://registry.npmjs.org/angular-agility/-/angular-agility-0.8.40.tgz",
      "integrity": "sha1-bmeEdfva1MkoelAE2Xg6cihiR9I=",
      "requires": {
        "angular": "1.6.8"
      }
    },
    "angular-animate": {
      "version": "1.6.8",
      "resolved": "https://registry.npmjs.org/angular-animate/-/angular-animate-1.6.8.tgz",
      "integrity": "sha512-zKaq9vtJ+QPV6q159mJkb6uKa3SiTe0PXj+W9WO3cDhLly8LuQHYRteAAD3/SqlS7GMq2SFlJvs7VQduPJpUQw=="
    },
    "angular-bootstrap": {
      "version": "0.12.2",
      "resolved": "https://registry.npmjs.org/angular-bootstrap/-/angular-bootstrap-0.12.2.tgz",
      "integrity": "sha1-3pkAp9sIen6dpHMEqcL3f5wGmCc="
    },
    "angular-route": {
      "version": "1.6.8",
      "resolved": "https://registry.npmjs.org/angular-route/-/angular-route-1.6.8.tgz",
      "integrity": "sha512-6PlZVc9SRkzYdinL8urilbA/6RmbKdaGrgAKWo2XXgblOHLxguWcYcqYXPUdlMVbMYZuubI+OzTXMa2zol18AQ=="
    },
    "animate.css": {
      "version": "3.5.2",
      "resolved": "https://registry.npmjs.org/animate.css/-/animate.css-3.5.2.tgz",
      "integrity": "sha1-keZo3AaagI5eSZUUhnuXquAWbDY="
    },
    "bootstrap": {
      "version": "3.3.7",
      "resolved": "https://registry.npmjs.org/bootstrap/-/bootstrap-3.3.7.tgz",
      "integrity": "sha1-WjiTlFSfIzMIdaOxUGVldPip63E="
    },
    "fontawesome": {
      "version": "4.7.2",
      "resolved": "https://registry.npmjs.org/fontawesome/-/fontawesome-4.7.2.tgz",
      "integrity": "sha1-fwxyrHprAp0zdbrLI1Itms/FClI="
    },
    "jquery": {
      "version": "3.2.1",
      "resolved": "https://registry.npmjs.org/jquery/-/jquery-3.2.1.tgz",
      "integrity": "sha1-XE2d5lKvbNCncBVKYxu6ErAVx4c="
    }
  }
}
